<?xml version="1.0" encoding="utf-8"?>
<Project ToolsVersion="4.0" xmlns="http://schemas.microsoft.com/developer/msbuild/2003">
  <ItemGroup>
    <ClCompile Include="AVTmathLib.cpp" />
    <ClCompile Include="basic_geometry.cpp" />
    <ClCompile Include="Broccoli.cpp" />
    <ClCompile Include="Butter.cpp" />
    <ClCompile Include="Camera.cpp" />
    <ClCompile Include="Car.cpp" />
    <ClCompile Include="Cheerio.cpp" />
    <ClCompile Include="Cup.cpp" />
    <ClCompile Include="DynamicObject.cpp" />
    <ClCompile Include="Entity.cpp" />
    <ClCompile Include="Flare.cpp" />
    <ClCompile Include="GameObject.cpp" />
    <ClCompile Include="HUD.cpp" />
    <ClCompile Include="main.cpp" />
    <ClCompile Include="LightSource.cpp" />
    <ClCompile Include="Orange.cpp" />
    <ClCompile Include="OrtogonalCamera.cpp" />
    <ClCompile Include="Particles.cpp" />
    <ClCompile Include="Pause.cpp" />
    <ClCompile Include="PerspectiveCamera.cpp" />
    <ClCompile Include="Road.cpp" />
    <ClCompile Include="StaticObject.cpp" />
    <ClCompile Include="Table.cpp" />
    <ClCompile Include="TGA.cpp" />
    <ClCompile Include="Vector3.cpp" />
    <ClCompile Include="Vector4.cpp" />
    <ClCompile Include="vsShaderLib.cpp" />
  </ItemGroup>
  <ItemGroup>
    <ClInclude Include="AVTmathLib.h" />
    <ClInclude Include="basic_geometry.h" />
    <ClInclude Include="Broccoli.h" />
    <ClInclude Include="Butter.h" />
    <ClInclude Include="Camera.h" />
    <ClInclude Include="Car.h" />
    <ClInclude Include="Cheerio.h" />
    <ClInclude Include="cube.h" />
    <ClInclude Include="Cup.h" />
    <ClInclude Include="DynamicObject.h" />
    <ClInclude Include="Entity.h" />
    <ClInclude Include="Flare.h" />
    <ClInclude Include="GameObject.h" />
    <ClInclude Include="Particles.h" />
    <ClInclude Include="HUD.h" />
    <ClInclude Include="LightSource.h" />
    <ClInclude Include="main.h" />
    <ClInclude Include="Orange.h" />
    <ClInclude Include="OrtogonalCamera.h" />
    <ClInclude Include="Pause.h" />
    <ClInclude Include="PerspectiveCamera.h" />
    <ClInclude Include="Road.h" />
    <ClInclude Include="StaticObject.h" />
    <ClInclude Include="Table.h" />
    <ClInclude Include="TGA.h" />
    <ClInclude Include="Vector3.h" />
    <ClInclude Include="Vector4.h" />
    <ClInclude Include="VertexAttrDef.h" />
    <ClInclude Include="vsShaderLib.h" />
  </ItemGroup>
  <ItemGroup>
    <Image Include="checker.tga" />
    <Image Include="death.tga" />
    <Image Include="pause.tga" />
    <Image Include="stone.tga" />
  </ItemGroup>
  <ItemGroup>
    <None Include="shaders\pointlight.frag" />
    <None Include="shaders\pointlight.vert" />
  </ItemGroup>
</Project>